
Microsoft Visual Studio Solution File, Format Version 12.00
# Visual Studio Version 16
VisualStudioVersion = 16.0.28803.352
MinimumVisualStudioVersion = 10.0.40219.1
Project("{FAE04EC0-301F-11D3-BF4B-00C04F79EFBC}") = "AirplaneDetector", "AirplaneDetector.csproj", "{AF55F8D6-CA8D-449E-BF15-FCB8F4653C7E}"
EndProject
Global
	GlobalSection(SolutionConfigurationPlatforms) = preSolution
		Debug|Any CPU = Debug|Any CPU
		Release|Any CPU = Release|Any CPU
	EndGlobalSection
	GlobalSection(ProjectConfigurationPlatforms) = postSolution
		{AF55F8D6-CA8D-449E-BF15-FCB8F4653C7E}.Debug|Any CPU.ActiveCfg = Debug|Any CPU
		{AF55F8D6-CA8D-449E-BF15-FCB8F4653C7E}.Debug|Any CPU.Build.0 = Debug|Any CPU
		{AF55F8D6-CA8D-449E-BF15-FCB8F4653C7E}.Release|Any CPU.ActiveCfg = Release|Any CPU
		{AF55F8D6-CA8D-449E-BF15-FCB8F4653C7E}.Release|Any CPU.Build.0 = Release|Any CPU
	EndGlobalSection
	GlobalSection(SolutionProperties) = preSolution
		HideSolutionNode = FALSE
	EndGlobalSection
	GlobalSection(ExtensibilityGlobals) = postSolution
		SolutionGuid = {BB0E2ECC-8334-4955-9C7A-E78EB7507B2A}
	EndGlobalSection
EndGlobal
